
Microsoft Visual Studio Solution File, Format Version 12.00
# Visual Studio Version 16
VisualStudioVersion = 16.0.30621.155
MinimumVisualStudioVersion = 10.0.40219.1
Project("{FAE04EC0-301F-11D3-BF4B-00C04F79EFBC}") = "Entmaa Web Services", "Entmaa Web Services\Entmaa Web Services.csproj", "{A061D345-202E-4B84-A1D1-176D00480C0D}"
EndProject
Project("{FAE04EC0-301F-11D3-BF4B-00C04F79EFBC}") = "Entmaa Web Services.Tests", "Entmaa Web Services.Tests\Entmaa Web Services.Tests.csproj", "{D61D5FC5-F1ED-43EC-BC57-DD47394ABC22}"
EndProject
Global
	GlobalSection(SolutionConfigurationPlatforms) = preSolution
		Debug|Any CPU = Debug|Any CPU
		Release|Any CPU = Release|Any CPU
	EndGlobalSection
	GlobalSection(ProjectConfigurationPlatforms) = postSolution
		{A061D345-202E-4B84-A1D1-176D00480C0D}.Debug|Any CPU.ActiveCfg = Debug|Any CPU
		{A061D345-202E-4B84-A1D1-176D00480C0D}.Debug|Any CPU.Build.0 = Debug|Any CPU
		{A061D345-202E-4B84-A1D1-176D00480C0D}.Release|Any CPU.ActiveCfg = Release|Any CPU
		{A061D345-202E-4B84-A1D1-176D00480C0D}.Release|Any CPU.Build.0 = Release|Any CPU
		{D61D5FC5-F1ED-43EC-BC57-DD47394ABC22}.Debug|Any CPU.ActiveCfg = Debug|Any CPU
		{D61D5FC5-F1ED-43EC-BC57-DD47394ABC22}.Debug|Any CPU.Build.0 = Debug|Any CPU
		{D61D5FC5-F1ED-43EC-BC57-DD47394ABC22}.Release|Any CPU.ActiveCfg = Release|Any CPU
		{D61D5FC5-F1ED-43EC-BC57-DD47394ABC22}.Release|Any CPU.Build.0 = Release|Any CPU
	EndGlobalSection
	GlobalSection(SolutionProperties) = preSolution
		HideSolutionNode = FALSE
	EndGlobalSection
	GlobalSection(ExtensibilityGlobals) = postSolution
		SolutionGuid = {52C2186C-2DD8-4D72-9BAB-C9242193D26F}
	EndGlobalSection
EndGlobal
